# THIS IS AN AUTOGENERATED FILE. DO NOT EDIT THIS FILE DIRECTLY.
# yarn lockfile v1


"@biomejs/biome@^1.7.3":
  version "1.7.3"
  resolved "https://registry.yarnpkg.com/@biomejs/biome/-/biome-1.7.3.tgz#847a317b63c811534fc8108389b7a9fae8803eed"
  integrity sha512-ogFQI+fpXftr+tiahA6bIXwZ7CSikygASdqMtH07J2cUzrpjyTMVc9Y97v23c7/tL1xCZhM+W9k4hYIBm7Q6cQ==
  optionalDependencies:
    "@biomejs/cli-darwin-arm64" "1.7.3"
    "@biomejs/cli-darwin-x64" "1.7.3"
    "@biomejs/cli-linux-arm64" "1.7.3"
    "@biomejs/cli-linux-arm64-musl" "1.7.3"
    "@biomejs/cli-linux-x64" "1.7.3"
    "@biomejs/cli-linux-x64-musl" "1.7.3"
    "@biomejs/cli-win32-arm64" "1.7.3"
    "@biomejs/cli-win32-x64" "1.7.3"

"@biomejs/cli-darwin-arm64@1.7.3":
  version "1.7.3"
  resolved "https://registry.yarnpkg.com/@biomejs/cli-darwin-arm64/-/cli-darwin-arm64-1.7.3.tgz#0b0f568f6fd2153aa1a53bddd0a55355df381952"
  integrity sha512-eDvLQWmGRqrPIRY7AIrkPHkQ3visEItJKkPYSHCscSDdGvKzYjmBJwG1Gu8+QC5ed6R7eiU63LEC0APFBobmfQ==

"@biomejs/cli-darwin-x64@1.7.3":
  version "1.7.3"
  resolved "https://registry.yarnpkg.com/@biomejs/cli-darwin-x64/-/cli-darwin-x64-1.7.3.tgz#0eb0e9da1f869e65e6ce98a007a3341bb1c88446"
  integrity sha512-JXCaIseKRER7dIURsVlAJacnm8SG5I0RpxZ4ya3dudASYUc68WGl4+FEN03ABY3KMIq7hcK1tzsJiWlmXyosZg==

"@biomejs/cli-linux-arm64-musl@1.7.3":
  version "1.7.3"
  resolved "https://registry.yarnpkg.com/@biomejs/cli-linux-arm64-musl/-/cli-linux-arm64-musl-1.7.3.tgz#e098110cc11552857ba46cae1e00e68805c1718a"
  integrity sha512-c8AlO45PNFZ1BYcwaKzdt46kYbuP6xPGuGQ6h4j3XiEDpyseRRUy/h+6gxj07XovmyxKnSX9GSZ6nVbZvcVUAw==

"@biomejs/cli-linux-arm64@1.7.3":
  version "1.7.3"
  resolved "https://registry.yarnpkg.com/@biomejs/cli-linux-arm64/-/cli-linux-arm64-1.7.3.tgz#9e53c14acd7190ebd1e8b0a2f5a54083c118ce72"
  integrity sha512-phNTBpo7joDFastnmZsFjYcDYobLTx4qR4oPvc9tJ486Bd1SfEVPHEvJdNJrMwUQK56T+TRClOQd/8X1nnjA9w==

"@biomejs/cli-linux-x64-musl@1.7.3":
  version "1.7.3"
  resolved "https://registry.yarnpkg.com/@biomejs/cli-linux-x64-musl/-/cli-linux-x64-musl-1.7.3.tgz#f27d4a267f69e663797e3204e51a373f3e33bc30"
  integrity sha512-UdEHKtYGWEX3eDmVWvQeT+z05T9/Sdt2+F/7zmMOFQ7boANeX8pcO6EkJPK3wxMudrApsNEKT26rzqK6sZRTRA==

"@biomejs/cli-linux-x64@1.7.3":
  version "1.7.3"
  resolved "https://registry.yarnpkg.com/@biomejs/cli-linux-x64/-/cli-linux-x64-1.7.3.tgz#7112b22e32a8626d0f11d92e43d0cc034c50723d"
  integrity sha512-vnedYcd5p4keT3iD48oSKjOIRPYcjSNNbd8MO1bKo9ajg3GwQXZLAH+0Cvlr+eMsO67/HddWmscSQwTFrC/uPA==

"@biomejs/cli-win32-arm64@1.7.3":
  version "1.7.3"
  resolved "https://registry.yarnpkg.com/@biomejs/cli-win32-arm64/-/cli-win32-arm64-1.7.3.tgz#91bed8a3ae3433c3feb6a11816b0eb19b60801ef"
  integrity sha512-unNCDqUKjujYkkSxs7gFIfdasttbDC4+z0kYmcqzRk6yWVoQBL4dNLcCbdnJS+qvVDNdI9rHp2NwpQ0WAdla4Q==

"@biomejs/cli-win32-x64@1.7.3":
  version "1.7.3"
  resolved "https://registry.yarnpkg.com/@biomejs/cli-win32-x64/-/cli-win32-x64-1.7.3.tgz#41b65a940a360abb4a3205949370153ffe30c7de"
  integrity sha512-ZmByhbrnmz/UUFYB622CECwhKIPjJLLPr5zr3edhu04LzbfcOrz16VYeNq5dpO1ADG70FORhAJkaIGdaVBG00w==

"@types/bun@latest":
  version "1.1.2"
  resolved "https://registry.yarnpkg.com/@types/bun/-/bun-1.1.2.tgz#586d342eb57693b602609f4e806eb3b80f6dae6a"
  integrity sha512-pRBDD3EDqPf83qe95i3EpYu5G2J8bbb78a3736vnCm2K8YWtEE5cvJUq2jkKvJhW07YTfQtbImywIwRhWL8z3Q==
  dependencies:
    bun-types "1.1.8"

"@types/node@*", "@types/node@~20.12.8":
  version "20.12.12"
  resolved "https://registry.yarnpkg.com/@types/node/-/node-20.12.12.tgz#7cbecdf902085cec634fdb362172dfe12b8f2050"
  integrity sha512-eWLDGF/FOSPtAvEqeRAQ4C8LSA7M1I7i0ky1I8U7kD1J5ITyW3AsRhQrKVoWf5pFKZ2kILsEGJhsI9r93PYnOw==
  dependencies:
    undici-types "~5.26.4"

"@types/ws@~8.5.10":
  version "8.5.10"
  resolved "https://registry.yarnpkg.com/@types/ws/-/ws-8.5.10.tgz#4acfb517970853fa6574a3a6886791d04a396787"
  integrity sha512-vmQSUcfalpIq0R9q7uTo2lXs6eGIpt9wtnLdMv9LVpIjCA/+ufZRozlVoVelIYixx1ugCBKDhn89vnsEGOCx9A==
  dependencies:
    "@types/node" "*"

bun-types@1.1.8:
  version "1.1.8"
  resolved "https://registry.yarnpkg.com/bun-types/-/bun-types-1.1.8.tgz#33690cd1b5632ba4d0d9a1a75cb59e9b05fb5ff7"
  integrity sha512-dwhfuUKSGK8hm5Llcvb5+ejRh+4mIt8ibObJVKhZBsi0ScpXmt+AlaS1eDW6uRXCHj084Qt0kIqAJ08/7ZGC9Q==
  dependencies:
    "@types/node" "~20.12.8"
    "@types/ws" "~8.5.10"

typescript@^5.4.5:
  version "5.4.5"
  resolved "https://registry.yarnpkg.com/typescript/-/typescript-5.4.5.tgz#42ccef2c571fdbd0f6718b1d1f5e6e5ef006f611"
  integrity sha512-vcI4UpRgg81oIRUFwR0WSIHKt11nJ7SAVlYNIu+QpqeyXP+gpQJy/Z4+F0aGxSE4MqwjyXvW/TzgkLAx2AGHwQ==

undici-types@~5.26.4:
  version "5.26.5"
  resolved "https://registry.yarnpkg.com/undici-types/-/undici-types-5.26.5.tgz#bcd539893d00b56e964fd2657a4866b221a65617"
  integrity sha512-JlCMO+ehdEIKqlFxk6IfVoAUVmgz7cU7zD/h9XZ0qzeosSHmUJVOzSQvvYSYWXkFXC+IfLKSIffhv0sVZup6pA==
